<?xml version="1.0" encoding="UTF-8" standalone="yes" ?>
<CodeBlocks_project_file>
	<FileVersion major="1" minor="6" />
	<Project>
		<Option title="Pass2" />
		<Option pch_mode="2" />
		<Option compiler="gcc" />
		<Build>
			<Target title="Debug">
				<Option output="bin/Debug/Pass2" prefix_auto="1" extension_auto="1" />
				<Option object_output="obj/Debug/" />
				<Option type="1" />
				<Option compiler="gcc" />
				<Compiler>
					<Add option="-g" />
					<Add directory="include" />
					<Add directory="../Pass2" />
				</Compiler>
			</Target>
			<Target title="Release">
				<Option output="bin/Release/Pass2" prefix_auto="1" extension_auto="1" />
				<Option object_output="obj/Release/" />
				<Option type="1" />
				<Option compiler="gcc" />
				<Compiler>
					<Add option="-O2" />
					<Add directory="include" />
					<Add directory="../Pass2" />
				</Compiler>
				<Linker>
					<Add option="-s" />
				</Linker>
			</Target>
		</Build>
		<Compiler>
			<Add option="-Wall" />
			<Add option="-fexceptions" />
		</Compiler>
		<Unit filename="Assembler.cpp" />
		<Unit filename="Assembler.h" />
		<Unit filename="Check.cpp" />
		<Unit filename="Check.h" />
		<Unit filename="GeneralExpression.cpp" />
		<Unit filename="GeneralExpression.h" />
		<Unit filename="Instruction.cpp" />
		<Unit filename="Instruction.h" />
		<Unit filename="ObjectCodeFile.cpp" />
		<Unit filename="ObjectCodeFile.h" />
		<Unit filename="Parser.cpp" />
		<Unit filename="Parser.h" />
		<Unit filename="Pass1.cpp" />
		<Unit filename="Pass1.h" />
		<Unit filename="Pass1ListFile.cpp" />
		<Unit filename="Pass1ListFile.h" />
		<Unit filename="Pass2.cpp" />
		<Unit filename="Pass2.h" />
		<Unit filename="ReadOpCode.cpp" />
		<Unit filename="ReadOpCode.h" />
		<Unit filename="include/Assembler.h" />
		<Extensions>
			<code_completion />
			<debugger />
		</Extensions>
	</Project>
</CodeBlocks_project_file>
